# THIS IS AN AUTOGENERATED FILE. DO NOT EDIT THIS FILE DIRECTLY.
# yarn lockfile v1


"@wojbiel833/randomid-generator@^1.0.0":
  version "1.0.0"
  resolved "https://registry.yarnpkg.com/@wojbiel833/randomid-generator/-/randomid-generator-1.0.0.tgz#ee1799f918155acc0779670677e8bc898f940cf3"
  integrity sha512-FVBQZdV30GYDEVGMKiokc4iQf3Mv+USq3oDVEZCTrIfn0tiiAcAoTl241Bb8gbKfvxIIGAHb+TKfNNWjrihPKA==

your-package-name@^0.0.0:
  version "0.0.0"
  resolved "https://registry.yarnpkg.com/your-package-name/-/your-package-name-0.0.0.tgz#5154d9a53eba8c6e86b66e85188d3e836c0b968a"
  integrity sha512-rSZcXpHm/885/C4tREMNhfdX8BiQuPM8zt/jvxL/qUJsweVrUlyluT5cQv+R4tQNoz5npIQ4gc/bww+7vLy6WA==
